// !$*UTF8*$!
{
	archiveVersion = 1;
	classes = {
	};
	objectVersion = 55;
	objects = {

/* Begin PBXBuildFile section */
		321F5C9027E9638E00695184 /* ExpendingCell2ViewController.swift in Sources */ = {isa = PBXBuildFile; fileRef = 321F5C8E27E9638E00695184 /* ExpendingCell2ViewController.swift */; };
		321F5C9127E9638E00695184 /* ExpendingCell2ViewController.xib in Resources */ = {isa = PBXBuildFile; fileRef = 321F5C8F27E9638E00695184 /* ExpendingCell2ViewController.xib */; };
		321F5C9427E963F800695184 /* Expending2TableViewCell.swift in Sources */ = {isa = PBXBuildFile; fileRef = 321F5C9227E963F800695184 /* Expending2TableViewCell.swift */; };
		321F5C9527E963F800695184 /* Expending2TableViewCell.xib in Resources */ = {isa = PBXBuildFile; fileRef = 321F5C9327E963F800695184 /* Expending2TableViewCell.xib */; };
		321F5C9F27E9698700695184 /* Header.swift in Sources */ = {isa = PBXBuildFile; fileRef = 321F5C9E27E9698700695184 /* Header.swift */; };
		321FA54627D8802700B67FB7 /* CollectionRecursionViewController.swift in Sources */ = {isa = PBXBuildFile; fileRef = 321FA54427D8802700B67FB7 /* CollectionRecursionViewController.swift */; };
		321FA54727D8802700B67FB7 /* CollectionRecursionViewController.xib in Resources */ = {isa = PBXBuildFile; fileRef = 321FA54527D8802700B67FB7 /* CollectionRecursionViewController.xib */; };
		321FA54C27D8807100B67FB7 /* ErrorCollectionViewCell.swift in Sources */ = {isa = PBXBuildFile; fileRef = 321FA54A27D8807100B67FB7 /* ErrorCollectionViewCell.swift */; };
		321FA54D27D8807100B67FB7 /* ErrorCollectionViewCell.xib in Resources */ = {isa = PBXBuildFile; fileRef = 321FA54B27D8807100B67FB7 /* ErrorCollectionViewCell.xib */; };
		3220E88B28655F8F00B98E92 /* TryingPathViewController.swift in Sources */ = {isa = PBXBuildFile; fileRef = 3220E88928655F8F00B98E92 /* TryingPathViewController.swift */; };
		3220E88C28655F8F00B98E92 /* TryingPathViewController.xib in Resources */ = {isa = PBXBuildFile; fileRef = 3220E88A28655F8F00B98E92 /* TryingPathViewController.xib */; };
		322AA76B278924AB00FE12D1 /* TableViewHeader.swift in Sources */ = {isa = PBXBuildFile; fileRef = 322AA769278924AB00FE12D1 /* TableViewHeader.swift */; };
		322AA76C278924AB00FE12D1 /* TableViewHeader.xib in Resources */ = {isa = PBXBuildFile; fileRef = 322AA76A278924AB00FE12D1 /* TableViewHeader.xib */; };
		322AA76F2789264300FE12D1 /* TableViewHeader2.swift in Sources */ = {isa = PBXBuildFile; fileRef = 322AA76E2789264300FE12D1 /* TableViewHeader2.swift */; };
		322AA7712789264E00FE12D1 /* TableViewHeader2.xib in Resources */ = {isa = PBXBuildFile; fileRef = 322AA7702789264E00FE12D1 /* TableViewHeader2.xib */; };
		322AA77527892D9900FE12D1 /* ParentViewController.swift in Sources */ = {isa = PBXBuildFile; fileRef = 322AA77327892D9900FE12D1 /* ParentViewController.swift */; };
		322AA77627892D9900FE12D1 /* ParentViewController.xib in Resources */ = {isa = PBXBuildFile; fileRef = 322AA77427892D9900FE12D1 /* ParentViewController.xib */; };
		322AA77927892DBB00FE12D1 /* Half Modal.swift in Sources */ = {isa = PBXBuildFile; fileRef = 322AA77827892DBB00FE12D1 /* Half Modal.swift */; };
		322AA77C27892E1700FE12D1 /* ChildViewController.swift in Sources */ = {isa = PBXBuildFile; fileRef = 322AA77A27892E1700FE12D1 /* ChildViewController.swift */; };
		322AA77D27892E1700FE12D1 /* ChildViewController.xib in Resources */ = {isa = PBXBuildFile; fileRef = 322AA77B27892E1700FE12D1 /* ChildViewController.xib */; };
		322AA7812789420500FE12D1 /* VideoViewController.swift in Sources */ = {isa = PBXBuildFile; fileRef = 322AA77F2789420500FE12D1 /* VideoViewController.swift */; };
		322AA7822789420500FE12D1 /* VideoViewController.xib in Resources */ = {isa = PBXBuildFile; fileRef = 322AA7802789420500FE12D1 /* VideoViewController.xib */; };
		322AA786278BBDFB00FE12D1 /* SnappingViewController.swift in Sources */ = {isa = PBXBuildFile; fileRef = 322AA784278BBDFB00FE12D1 /* SnappingViewController.swift */; };
		322AA787278BBDFB00FE12D1 /* SnappingViewController.xib in Resources */ = {isa = PBXBuildFile; fileRef = 322AA785278BBDFB00FE12D1 /* SnappingViewController.xib */; };
		322AA78A278BBECE00FE12D1 /* SnapCollectionViewCell.swift in Sources */ = {isa = PBXBuildFile; fileRef = 322AA788278BBECE00FE12D1 /* SnapCollectionViewCell.swift */; };
		322AA78B278BBECE00FE12D1 /* SnapCollectionViewCell.xib in Resources */ = {isa = PBXBuildFile; fileRef = 322AA789278BBECE00FE12D1 /* SnapCollectionViewCell.xib */; };
		322AA793278BF34100FE12D1 /* SnappingViewController2.swift in Sources */ = {isa = PBXBuildFile; fileRef = 322AA791278BF34100FE12D1 /* SnappingViewController2.swift */; };
		322AA794278BF34100FE12D1 /* SnappingViewController2.xib in Resources */ = {isa = PBXBuildFile; fileRef = 322AA792278BF34100FE12D1 /* SnappingViewController2.xib */; };
		3232C54328179E4800DC1AC7 /* MyImagePickerViewController.swift in Sources */ = {isa = PBXBuildFile; fileRef = 3232C54128179E4800DC1AC7 /* MyImagePickerViewController.swift */; };
		3232C54428179E4800DC1AC7 /* MyImagePickerViewController.xib in Resources */ = {isa = PBXBuildFile; fileRef = 3232C54228179E4800DC1AC7 /* MyImagePickerViewController.xib */; };
		3232C5472817A73D00DC1AC7 /* ImageCollectionViewCell.swift in Sources */ = {isa = PBXBuildFile; fileRef = 3232C5452817A73D00DC1AC7 /* ImageCollectionViewCell.swift */; };
		3232C5482817A73D00DC1AC7 /* ImageCollectionViewCell.xib in Resources */ = {isa = PBXBuildFile; fileRef = 3232C5462817A73D00DC1AC7 /* ImageCollectionViewCell.xib */; };
		324170FB27E4851D000F8273 /* ExpandingCellViewController.swift in Sources */ = {isa = PBXBuildFile; fileRef = 324170F927E4851D000F8273 /* ExpandingCellViewController.swift */; };
		324170FC27E4851D000F8273 /* ExpandingCellViewController.xib in Resources */ = {isa = PBXBuildFile; fileRef = 324170FA27E4851D000F8273 /* ExpandingCellViewController.xib */; };
		3241710127E485CC000F8273 /* ExpandingTableViewCell.swift in Sources */ = {isa = PBXBuildFile; fileRef = 324170FF27E485CB000F8273 /* ExpandingTableViewCell.swift */; };
		3241710227E485CC000F8273 /* ExpandingTableViewCell.xib in Resources */ = {isa = PBXBuildFile; fileRef = 3241710027E485CB000F8273 /* ExpandingTableViewCell.xib */; };
		3241710527E48985000F8273 /* InsideTableViewCell.swift in Sources */ = {isa = PBXBuildFile; fileRef = 3241710327E48985000F8273 /* InsideTableViewCell.swift */; };
		3241710627E48985000F8273 /* InsideTableViewCell.xib in Resources */ = {isa = PBXBuildFile; fileRef = 3241710427E48985000F8273 /* InsideTableViewCell.xib */; };
		3246300F2863FB27009A4A6E /* BaseService.swift in Sources */ = {isa = PBXBuildFile; fileRef = 3246300E2863FB27009A4A6E /* BaseService.swift */; };
		324630122864004A009A4A6E /* BaseModel.swift in Sources */ = {isa = PBXBuildFile; fileRef = 324630112864004A009A4A6E /* BaseModel.swift */; };
		3246301428640883009A4A6E /* News.swift in Sources */ = {isa = PBXBuildFile; fileRef = 3246301328640883009A4A6E /* News.swift */; };
		324630192864106A009A4A6E /* NewsService.swift in Sources */ = {isa = PBXBuildFile; fileRef = 324630182864106A009A4A6E /* NewsService.swift */; };
		3246301C28641117009A4A6E /* URLStorage.swift in Sources */ = {isa = PBXBuildFile; fileRef = 3246301B28641117009A4A6E /* URLStorage.swift */; };
		3246301E28641169009A4A6E /* ParameterStorage.swift in Sources */ = {isa = PBXBuildFile; fileRef = 3246301D28641169009A4A6E /* ParameterStorage.swift */; };
		3246302028641C75009A4A6E /* NewsViewModel.swift in Sources */ = {isa = PBXBuildFile; fileRef = 3246301F28641C75009A4A6E /* NewsViewModel.swift */; };
		32463023286420B0009A4A6E /* DateHelper.swift in Sources */ = {isa = PBXBuildFile; fileRef = 32463022286420B0009A4A6E /* DateHelper.swift */; };
		3246302628642439009A4A6E /* NewsViewController.swift in Sources */ = {isa = PBXBuildFile; fileRef = 3246302528642439009A4A6E /* NewsViewController.swift */; };
		3251F70928D3144300701B60 /* TestingImageViewController.swift in Sources */ = {isa = PBXBuildFile; fileRef = 3251F70728D3144300701B60 /* TestingImageViewController.swift */; };
		3251F70A28D3144300701B60 /* TestingImageViewController.xib in Resources */ = {isa = PBXBuildFile; fileRef = 3251F70828D3144300701B60 /* TestingImageViewController.xib */; };
		3254D603286ED016006BC83C /* TryingAnimationViewController.swift in Sources */ = {isa = PBXBuildFile; fileRef = 3254D601286ED016006BC83C /* TryingAnimationViewController.swift */; };
		3254D604286ED016006BC83C /* TryingAnimationViewController.xib in Resources */ = {isa = PBXBuildFile; fileRef = 3254D602286ED016006BC83C /* TryingAnimationViewController.xib */; };
		32587A8F28CF1D1A00D9B3FD /* ZoomingCollectionViewController.swift in Sources */ = {isa = PBXBuildFile; fileRef = 32587A8D28CF1D1A00D9B3FD /* ZoomingCollectionViewController.swift */; };
		32587A9028CF1D1A00D9B3FD /* ZoomingCollectionViewController.xib in Resources */ = {isa = PBXBuildFile; fileRef = 32587A8E28CF1D1A00D9B3FD /* ZoomingCollectionViewController.xib */; };
		32587A9428CF1D8E00D9B3FD /* ZoomingCollectionViewCell.swift in Sources */ = {isa = PBXBuildFile; fileRef = 32587A9228CF1D8E00D9B3FD /* ZoomingCollectionViewCell.swift */; };
		32587A9528CF1D8E00D9B3FD /* ZoomingCollectionViewCell.xib in Resources */ = {isa = PBXBuildFile; fileRef = 32587A9328CF1D8E00D9B3FD /* ZoomingCollectionViewCell.xib */; };
		32587A9728CF253300D9B3FD /* CustomFlowLayout.swift in Sources */ = {isa = PBXBuildFile; fileRef = 32587A9628CF253300D9B3FD /* CustomFlowLayout.swift */; };
		325B94BD28C8371300E0B904 /* DragAndDropViewController.swift in Sources */ = {isa = PBXBuildFile; fileRef = 325B94BB28C8371300E0B904 /* DragAndDropViewController.swift */; };
		325B94BE28C8371300E0B904 /* DragAndDropViewController.xib in Resources */ = {isa = PBXBuildFile; fileRef = 325B94BC28C8371300E0B904 /* DragAndDropViewController.xib */; };
		325B94C128C837A600E0B904 /* DnDCellCollectionViewCell.swift in Sources */ = {isa = PBXBuildFile; fileRef = 325B94BF28C837A600E0B904 /* DnDCellCollectionViewCell.swift */; };
		325B94C228C837A600E0B904 /* DnDCellCollectionViewCell.xib in Resources */ = {isa = PBXBuildFile; fileRef = 325B94C028C837A600E0B904 /* DnDCellCollectionViewCell.xib */; };
		325B94C928C87F4600E0B904 /* TheButtonViewController.swift in Sources */ = {isa = PBXBuildFile; fileRef = 325B94C728C87F4600E0B904 /* TheButtonViewController.swift */; };
		325B94CA28C87F4600E0B904 /* TheButtonViewController.xib in Resources */ = {isa = PBXBuildFile; fileRef = 325B94C828C87F4600E0B904 /* TheButtonViewController.xib */; };
		325CEE8F2837776000F472A9 /* ExampleOneViewController.swift in Sources */ = {isa = PBXBuildFile; fileRef = 325CEE8D2837776000F472A9 /* ExampleOneViewController.swift */; };
		325CEE902837776000F472A9 /* ExampleOneViewController.xib in Resources */ = {isa = PBXBuildFile; fileRef = 325CEE8E2837776000F472A9 /* ExampleOneViewController.xib */; };
		325CEE932837776C00F472A9 /* ExampleTwoViewController.swift in Sources */ = {isa = PBXBuildFile; fileRef = 325CEE912837776C00F472A9 /* ExampleTwoViewController.swift */; };
		325CEE942837776C00F472A9 /* ExampleTwoViewController.xib in Resources */ = {isa = PBXBuildFile; fileRef = 325CEE922837776C00F472A9 /* ExampleTwoViewController.xib */; };
		325CEE96283781C400F472A9 /* AnimationStorage.swift in Sources */ = {isa = PBXBuildFile; fileRef = 325CEE95283781C400F472A9 /* AnimationStorage.swift */; };
		325F5C19277376DD00EBFA36 /* AppDelegate.swift in Sources */ = {isa = PBXBuildFile; fileRef = 325F5C18277376DD00EBFA36 /* AppDelegate.swift */; };
		325F5C1B277376DD00EBFA36 /* SceneDelegate.swift in Sources */ = {isa = PBXBuildFile; fileRef = 325F5C1A277376DD00EBFA36 /* SceneDelegate.swift */; };
		325F5C1D277376DD00EBFA36 /* ViewController.swift in Sources */ = {isa = PBXBuildFile; fileRef = 325F5C1C277376DD00EBFA36 /* ViewController.swift */; };
		325F5C20277376DD00EBFA36 /* Main.storyboard in Resources */ = {isa = PBXBuildFile; fileRef = 325F5C1E277376DD00EBFA36 /* Main.storyboard */; };
		325F5C22277376DF00EBFA36 /* Assets.xcassets in Resources */ = {isa = PBXBuildFile; fileRef = 325F5C21277376DF00EBFA36 /* Assets.xcassets */; };
		325F5C25277376DF00EBFA36 /* LaunchScreen.storyboard in Resources */ = {isa = PBXBuildFile; fileRef = 325F5C23277376DF00EBFA36 /* LaunchScreen.storyboard */; };
		325F5C30277376DF00EBFA36 /* ProjectPlaygroundTests.swift in Sources */ = {isa = PBXBuildFile; fileRef = 325F5C2F277376DF00EBFA36 /* ProjectPlaygroundTests.swift */; };
		325F5C3A277376DF00EBFA36 /* ProjectPlaygroundUITests.swift in Sources */ = {isa = PBXBuildFile; fileRef = 325F5C39277376DF00EBFA36 /* ProjectPlaygroundUITests.swift */; };
		325F5C3C277376DF00EBFA36 /* ProjectPlaygroundUITestsLaunchTests.swift in Sources */ = {isa = PBXBuildFile; fileRef = 325F5C3B277376DF00EBFA36 /* ProjectPlaygroundUITestsLaunchTests.swift */; };
		32703B112834F4B400D4DC2F /* CustomTabbarViewController.swift in Sources */ = {isa = PBXBuildFile; fileRef = 32703B0F2834F4B400D4DC2F /* CustomTabbarViewController.swift */; };
		32703B122834F4B400D4DC2F /* CustomTabbarViewController.xib in Resources */ = {isa = PBXBuildFile; fileRef = 32703B102834F4B400D4DC2F /* CustomTabbarViewController.xib */; };
		327B993A2845EBD8002407C4 /* TableHeaderViewController.swift in Sources */ = {isa = PBXBuildFile; fileRef = 327B99382845EBD8002407C4 /* TableHeaderViewController.swift */; };
		327B993B2845EBD8002407C4 /* TableHeaderViewController.xib in Resources */ = {isa = PBXBuildFile; fileRef = 327B99392845EBD8002407C4 /* TableHeaderViewController.xib */; };
		327B993E2845EE24002407C4 /* SimpleTableViewCell.swift in Sources */ = {isa = PBXBuildFile; fileRef = 327B993C2845EE24002407C4 /* SimpleTableViewCell.swift */; };
		327B993F2845EE24002407C4 /* SimpleTableViewCell.xib in Resources */ = {isa = PBXBuildFile; fileRef = 327B993D2845EE24002407C4 /* SimpleTableViewCell.xib */; };
		32A1F4BF2788379E0022E3AD /* TableViewController.swift in Sources */ = {isa = PBXBuildFile; fileRef = 32A1F4BD2788379E0022E3AD /* TableViewController.swift */; };
		32A1F4C02788379E0022E3AD /* TableViewController.xib in Resources */ = {isa = PBXBuildFile; fileRef = 32A1F4BE2788379E0022E3AD /* TableViewController.xib */; };
		32A1F4C4278837FB0022E3AD /* TableViewCell.swift in Sources */ = {isa = PBXBuildFile; fileRef = 32A1F4C2278837FB0022E3AD /* TableViewCell.swift */; };
		32A1F4C5278837FB0022E3AD /* TableViewCell.xib in Resources */ = {isa = PBXBuildFile; fileRef = 32A1F4C3278837FB0022E3AD /* TableViewCell.xib */; };
		32A1F4C9278840DC0022E3AD /* MovingViewController.swift in Sources */ = {isa = PBXBuildFile; fileRef = 32A1F4C7278840DC0022E3AD /* MovingViewController.swift */; };
		32A1F4CA278840DC0022E3AD /* MovingViewController.xib in Resources */ = {isa = PBXBuildFile; fileRef = 32A1F4C8278840DC0022E3AD /* MovingViewController.xib */; };
		32A94B3928D03C9200AF97A4 /* UIColor.swift in Sources */ = {isa = PBXBuildFile; fileRef = 32A94B3828D03C9200AF97A4 /* UIColor.swift */; };
		32D8C2E52806584E0010CF6B /* Whatever2ViewController.swift in Sources */ = {isa = PBXBuildFile; fileRef = 32D8C2E32806584E0010CF6B /* Whatever2ViewController.swift */; };
		32D8C2E62806584E0010CF6B /* Whatever2ViewController.xib in Resources */ = {isa = PBXBuildFile; fileRef = 32D8C2E42806584E0010CF6B /* Whatever2ViewController.xib */; };
		32DA80F128C1E11400DACF0A /* SizeStorage.swift in Sources */ = {isa = PBXBuildFile; fileRef = 32DA80F028C1E11400DACF0A /* SizeStorage.swift */; };
		32DA80F328C1E17700DACF0A /* UIView.swift in Sources */ = {isa = PBXBuildFile; fileRef = 32DA80F228C1E17700DACF0A /* UIView.swift */; };
		32F76CA227FD71FB00512A7C /* WhateverViewController.swift in Sources */ = {isa = PBXBuildFile; fileRef = 32F76CA027FD71FB00512A7C /* WhateverViewController.swift */; };
		32F76CA327FD71FB00512A7C /* WhateverViewController.xib in Resources */ = {isa = PBXBuildFile; fileRef = 32F76CA127FD71FB00512A7C /* WhateverViewController.xib */; };
		5FDB127CC53BCB187D89CCE6 /* Pods_ProjectPlayground.framework in Frameworks */ = {isa = PBXBuildFile; fileRef = 6FFF0CA5B20C7D15C7BAB0E6 /* Pods_ProjectPlayground.framework */; };
/* End PBXBuildFile section */

/* Begin PBXContainerItemProxy section */
		325F5C2C277376DF00EBFA36 /* PBXContainerItemProxy */ = {
			isa = PBXContainerItemProxy;
			containerPortal = 325F5C0D277376DC00EBFA36 /* Project object */;
			proxyType = 1;
			remoteGlobalIDString = 325F5C14277376DD00EBFA36;
			remoteInfo = ProjectPlayground;
		};
		325F5C36277376DF00EBFA36 /* PBXContainerItemProxy */ = {
			isa = PBXContainerItemProxy;
			containerPortal = 325F5C0D277376DC00EBFA36 /* Project object */;
			proxyType = 1;
			remoteGlobalIDString = 325F5C14277376DD00EBFA36;
			remoteInfo = ProjectPlayground;
		};
/* End PBXContainerItemProxy section */

/* Begin PBXFileReference section */
		321F5C8E27E9638E00695184 /* ExpendingCell2ViewController.swift */ = {isa = PBXFileReference; lastKnownFileType = sourcecode.swift; path = ExpendingCell2ViewController.swift; sourceTree = "<group>"; };
		321F5C8F27E9638E00695184 /* ExpendingCell2ViewController.xib */ = {isa = PBXFileReference; lastKnownFileType = file.xib; path = ExpendingCell2ViewController.xib; sourceTree = "<group>"; };
		321F5C9227E963F800695184 /* Expending2TableViewCell.swift */ = {isa = PBXFileReference; lastKnownFileType = sourcecode.swift; path = Expending2TableViewCell.swift; sourceTree = "<group>"; };
		321F5C9327E963F800695184 /* Expending2TableViewCell.xib */ = {isa = PBXFileReference; lastKnownFileType = file.xib; path = Expending2TableViewCell.xib; sourceTree = "<group>"; };
		321F5C9E27E9698700695184 /* Header.swift */ = {isa = PBXFileReference; lastKnownFileType = sourcecode.swift; path = Header.swift; sourceTree = "<group>"; };
		321FA54427D8802700B67FB7 /* CollectionRecursionViewController.swift */ = {isa = PBXFileReference; lastKnownFileType = sourcecode.swift; path = CollectionRecursionViewController.swift; sourceTree = "<group>"; };
		321FA54527D8802700B67FB7 /* CollectionRecursionViewController.xib */ = {isa = PBXFileReference; lastKnownFileType = file.xib; path = CollectionRecursionViewController.xib; sourceTree = "<group>"; };
		321FA54A27D8807100B67FB7 /* ErrorCollectionViewCell.swift */ = {isa = PBXFileReference; lastKnownFileType = sourcecode.swift; path = ErrorCollectionViewCell.swift; sourceTree = "<group>"; };
		321FA54B27D8807100B67FB7 /* ErrorCollectionViewCell.xib */ = {isa = PBXFileReference; lastKnownFileType = file.xib; path = ErrorCollectionViewCell.xib; sourceTree = "<group>"; };
		3220E88928655F8F00B98E92 /* TryingPathViewController.swift */ = {isa = PBXFileReference; lastKnownFileType = sourcecode.swift; path = TryingPathViewController.swift; sourceTree = "<group>"; };
		3220E88A28655F8F00B98E92 /* TryingPathViewController.xib */ = {isa = PBXFileReference; lastKnownFileType = file.xib; path = TryingPathViewController.xib; sourceTree = "<group>"; };
		322AA769278924AB00FE12D1 /* TableViewHeader.swift */ = {isa = PBXFileReference; lastKnownFileType = sourcecode.swift; path = TableViewHeader.swift; sourceTree = "<group>"; };
		322AA76A278924AB00FE12D1 /* TableViewHeader.xib */ = {isa = PBXFileReference; lastKnownFileType = file.xib; path = TableViewHeader.xib; sourceTree = "<group>"; };
		322AA76E2789264300FE12D1 /* TableViewHeader2.swift */ = {isa = PBXFileReference; lastKnownFileType = sourcecode.swift; path = TableViewHeader2.swift; sourceTree = "<group>"; };
		322AA7702789264E00FE12D1 /* TableViewHeader2.xib */ = {isa = PBXFileReference; lastKnownFileType = file.xib; path = TableViewHeader2.xib; sourceTree = "<group>"; };
		322AA77327892D9900FE12D1 /* ParentViewController.swift */ = {isa = PBXFileReference; lastKnownFileType = sourcecode.swift; path = ParentViewController.swift; sourceTree = "<group>"; };
		322AA77427892D9900FE12D1 /* ParentViewController.xib */ = {isa = PBXFileReference; lastKnownFileType = file.xib; path = ParentViewController.xib; sourceTree = "<group>"; };
		322AA77827892DBB00FE12D1 /* Half Modal.swift */ = {isa = PBXFileReference; lastKnownFileType = sourcecode.swift; path = "Half Modal.swift"; sourceTree = "<group>"; };
		322AA77A27892E1700FE12D1 /* ChildViewController.swift */ = {isa = PBXFileReference; lastKnownFileType = sourcecode.swift; path = ChildViewController.swift; sourceTree = "<group>"; };
		322AA77B27892E1700FE12D1 /* ChildViewController.xib */ = {isa = PBXFileReference; lastKnownFileType = file.xib; path = ChildViewController.xib; sourceTree = "<group>"; };
		322AA77F2789420500FE12D1 /* VideoViewController.swift */ = {isa = PBXFileReference; lastKnownFileType = sourcecode.swift; path = VideoViewController.swift; sourceTree = "<group>"; };
		322AA7802789420500FE12D1 /* VideoViewController.xib */ = {isa = PBXFileReference; lastKnownFileType = file.xib; path = VideoViewController.xib; sourceTree = "<group>"; };
		322AA784278BBDFB00FE12D1 /* SnappingViewController.swift */ = {isa = PBXFileReference; lastKnownFileType = sourcecode.swift; path = SnappingViewController.swift; sourceTree = "<group>"; };
		322AA785278BBDFB00FE12D1 /* SnappingViewController.xib */ = {isa = PBXFileReference; lastKnownFileType = file.xib; path = SnappingViewController.xib; sourceTree = "<group>"; };
		322AA788278BBECE00FE12D1 /* SnapCollectionViewCell.swift */ = {isa = PBXFileReference; lastKnownFileType = sourcecode.swift; path = SnapCollectionViewCell.swift; sourceTree = "<group>"; };
		322AA789278BBECE00FE12D1 /* SnapCollectionViewCell.xib */ = {isa = PBXFileReference; lastKnownFileType = file.xib; path = SnapCollectionViewCell.xib; sourceTree = "<group>"; };
		322AA791278BF34100FE12D1 /* SnappingViewController2.swift */ = {isa = PBXFileReference; lastKnownFileType = sourcecode.swift; path = SnappingViewController2.swift; sourceTree = "<group>"; };
		322AA792278BF34100FE12D1 /* SnappingViewController2.xib */ = {isa = PBXFileReference; lastKnownFileType = file.xib; path = SnappingViewController2.xib; sourceTree = "<group>"; };
		3232C54128179E4800DC1AC7 /* MyImagePickerViewController.swift */ = {isa = PBXFileReference; lastKnownFileType = sourcecode.swift; path = MyImagePickerViewController.swift; sourceTree = "<group>"; };
		3232C54228179E4800DC1AC7 /* MyImagePickerViewController.xib */ = {isa = PBXFileReference; lastKnownFileType = file.xib; path = MyImagePickerViewController.xib; sourceTree = "<group>"; };
		3232C5452817A73D00DC1AC7 /* ImageCollectionViewCell.swift */ = {isa = PBXFileReference; lastKnownFileType = sourcecode.swift; path = ImageCollectionViewCell.swift; sourceTree = "<group>"; };
		3232C5462817A73D00DC1AC7 /* ImageCollectionViewCell.xib */ = {isa = PBXFileReference; lastKnownFileType = file.xib; path = ImageCollectionViewCell.xib; sourceTree = "<group>"; };
		324170F927E4851D000F8273 /* ExpandingCellViewController.swift */ = {isa = PBXFileReference; lastKnownFileType = sourcecode.swift; path = ExpandingCellViewController.swift; sourceTree = "<group>"; };
		324170FA27E4851D000F8273 /* ExpandingCellViewController.xib */ = {isa = PBXFileReference; lastKnownFileType = file.xib; path = ExpandingCellViewController.xib; sourceTree = "<group>"; };
		324170FF27E485CB000F8273 /* ExpandingTableViewCell.swift */ = {isa = PBXFileReference; lastKnownFileType = sourcecode.swift; path = ExpandingTableViewCell.swift; sourceTree = "<group>"; };
		3241710027E485CB000F8273 /* ExpandingTableViewCell.xib */ = {isa = PBXFileReference; lastKnownFileType = file.xib; path = ExpandingTableViewCell.xib; sourceTree = "<group>"; };
		3241710327E48985000F8273 /* InsideTableViewCell.swift */ = {isa = PBXFileReference; lastKnownFileType = sourcecode.swift; path = InsideTableViewCell.swift; sourceTree = "<group>"; };
		3241710427E48985000F8273 /* InsideTableViewCell.xib */ = {isa = PBXFileReference; lastKnownFileType = file.xib; path = InsideTableViewCell.xib; sourceTree = "<group>"; };
		3246300E2863FB27009A4A6E /* BaseService.swift */ = {isa = PBXFileReference; lastKnownFileType = sourcecode.swift; path = BaseService.swift; sourceTree = "<group>"; };
		324630112864004A009A4A6E /* BaseModel.swift */ = {isa = PBXFileReference; lastKnownFileType = sourcecode.swift; path = BaseModel.swift; sourceTree = "<group>"; };
		3246301328640883009A4A6E /* News.swift */ = {isa = PBXFileReference; lastKnownFileType = sourcecode.swift; path = News.swift; sourceTree = "<group>"; };
		324630182864106A009A4A6E /* NewsService.swift */ = {isa = PBXFileReference; lastKnownFileType = sourcecode.swift; path = NewsService.swift; sourceTree = "<group>"; };
		3246301B28641117009A4A6E /* URLStorage.swift */ = {isa = PBXFileReference; lastKnownFileType = sourcecode.swift; path = URLStorage.swift; sourceTree = "<group>"; };
		3246301D28641169009A4A6E /* ParameterStorage.swift */ = {isa = PBXFileReference; lastKnownFileType = sourcecode.swift; path = ParameterStorage.swift; sourceTree = "<group>"; };
		3246301F28641C75009A4A6E /* NewsViewModel.swift */ = {isa = PBXFileReference; lastKnownFileType = sourcecode.swift; path = NewsViewModel.swift; sourceTree = "<group>"; };
		32463022286420B0009A4A6E /* DateHelper.swift */ = {isa = PBXFileReference; lastKnownFileType = sourcecode.swift; path = DateHelper.swift; sourceTree = "<group>"; };
		3246302528642439009A4A6E /* NewsViewController.swift */ = {isa = PBXFileReference; lastKnownFileType = sourcecode.swift; path = NewsViewController.swift; sourceTree = "<group>"; };
		3251F70728D3144300701B60 /* TestingImageViewController.swift */ = {isa = PBXFileReference; lastKnownFileType = sourcecode.swift; path = TestingImageViewController.swift; sourceTree = "<group>"; };
		3251F70828D3144300701B60 /* TestingImageViewController.xib */ = {isa = PBXFileReference; lastKnownFileType = file.xib; path = TestingImageViewController.xib; sourceTree = "<group>"; };
		3254D601286ED016006BC83C /* TryingAnimationViewController.swift */ = {isa = PBXFileReference; lastKnownFileType = sourcecode.swift; path = TryingAnimationViewController.swift; sourceTree = "<group>"; };
		3254D602286ED016006BC83C /* TryingAnimationViewController.xib */ = {isa = PBXFileReference; lastKnownFileType = file.xib; path = TryingAnimationViewController.xib; sourceTree = "<group>"; };
		32587A8D28CF1D1A00D9B3FD /* ZoomingCollectionViewController.swift */ = {isa = PBXFileReference; lastKnownFileType = sourcecode.swift; path = ZoomingCollectionViewController.swift; sourceTree = "<group>"; };
		32587A8E28CF1D1A00D9B3FD /* ZoomingCollectionViewController.xib */ = {isa = PBXFileReference; lastKnownFileType = file.xib; path = ZoomingCollectionViewController.xib; sourceTree = "<group>"; };
		32587A9228CF1D8E00D9B3FD /* ZoomingCollectionViewCell.swift */ = {isa = PBXFileReference; lastKnownFileType = sourcecode.swift; path = ZoomingCollectionViewCell.swift; sourceTree = "<group>"; };
		32587A9328CF1D8E00D9B3FD /* ZoomingCollectionViewCell.xib */ = {isa = PBXFileReference; lastKnownFileType = file.xib; path = ZoomingCollectionViewCell.xib; sourceTree = "<group>"; };
		32587A9628CF253300D9B3FD /* CustomFlowLayout.swift */ = {isa = PBXFileReference; lastKnownFileType = sourcecode.swift; path = CustomFlowLayout.swift; sourceTree = "<group>"; };
		325B94BB28C8371300E0B904 /* DragAndDropViewController.swift */ = {isa = PBXFileReference; lastKnownFileType = sourcecode.swift; path = DragAndDropViewController.swift; sourceTree = "<group>"; };
		325B94BC28C8371300E0B904 /* DragAndDropViewController.xib */ = {isa = PBXFileReference; lastKnownFileType = file.xib; path = DragAndDropViewController.xib; sourceTree = "<group>"; };
		325B94BF28C837A600E0B904 /* DnDCellCollectionViewCell.swift */ = {isa = PBXFileReference; lastKnownFileType = sourcecode.swift; path = DnDCellCollectionViewCell.swift; sourceTree = "<group>"; };
		325B94C028C837A600E0B904 /* DnDCellCollectionViewCell.xib */ = {isa = PBXFileReference; lastKnownFileType = file.xib; path = DnDCellCollectionViewCell.xib; sourceTree = "<group>"; };
		325B94C728C87F4600E0B904 /* TheButtonViewController.swift */ = {isa = PBXFileReference; lastKnownFileType = sourcecode.swift; path = TheButtonViewController.swift; sourceTree = "<group>"; };
		325B94C828C87F4600E0B904 /* TheButtonViewController.xib */ = {isa = PBXFileReference; lastKnownFileType = file.xib; path = TheButtonViewController.xib; sourceTree = "<group>"; };
		325CEE8D2837776000F472A9 /* ExampleOneViewController.swift */ = {isa = PBXFileReference; lastKnownFileType = sourcecode.swift; path = ExampleOneViewController.swift; sourceTree = "<group>"; };
		325CEE8E2837776000F472A9 /* ExampleOneViewController.xib */ = {isa = PBXFileReference; lastKnownFileType = file.xib; path = ExampleOneViewController.xib; sourceTree = "<group>"; };
		325CEE912837776C00F472A9 /* ExampleTwoViewController.swift */ = {isa = PBXFileReference; lastKnownFileType = sourcecode.swift; path = ExampleTwoViewController.swift; sourceTree = "<group>"; };
		325CEE922837776C00F472A9 /* ExampleTwoViewController.xib */ = {isa = PBXFileReference; lastKnownFileType = file.xib; path = ExampleTwoViewController.xib; sourceTree = "<group>"; };
		325CEE95283781C400F472A9 /* AnimationStorage.swift */ = {isa = PBXFileReference; lastKnownFileType = sourcecode.swift; path = AnimationStorage.swift; sourceTree = "<group>"; };
		325F5C15277376DD00EBFA36 /* ProjectPlayground.app */ = {isa = PBXFileReference; explicitFileType = wrapper.application; includeInIndex = 0; path = ProjectPlayground.app; sourceTree = BUILT_PRODUCTS_DIR; };
		325F5C18277376DD00EBFA36 /* AppDelegate.swift */ = {isa = PBXFileReference; lastKnownFileType = sourcecode.swift; path = AppDelegate.swift; sourceTree = "<group>"; };
		325F5C1A277376DD00EBFA36 /* SceneDelegate.swift */ = {isa = PBXFileReference; lastKnownFileType = sourcecode.swift; path = SceneDelegate.swift; sourceTree = "<group>"; };
		325F5C1C277376DD00EBFA36 /* ViewController.swift */ = {isa = PBXFileReference; lastKnownFileType = sourcecode.swift; path = ViewController.swift; sourceTree = "<group>"; };
		325F5C1F277376DD00EBFA36 /* Base */ = {isa = PBXFileReference; lastKnownFileType = file.storyboard; name = Base; path = Base.lproj/Main.storyboard; sourceTree = "<group>"; };
		325F5C21277376DF00EBFA36 /* Assets.xcassets */ = {isa = PBXFileReference; lastKnownFileType = folder.assetcatalog; path = Assets.xcassets; sourceTree = "<group>"; };
		325F5C24277376DF00EBFA36 /* Base */ = {isa = PBXFileReference; lastKnownFileType = file.storyboard; name = Base; path = Base.lproj/LaunchScreen.storyboard; sourceTree = "<group>"; };
		325F5C26277376DF00EBFA36 /* Info.plist */ = {isa = PBXFileReference; lastKnownFileType = text.plist.xml; path = Info.plist; sourceTree = "<group>"; };
		325F5C2B277376DF00EBFA36 /* ProjectPlaygroundTests.xctest */ = {isa = PBXFileReference; explicitFileType = wrapper.cfbundle; includeInIndex = 0; path = ProjectPlaygroundTests.xctest; sourceTree = BUILT_PRODUCTS_DIR; };
		325F5C2F277376DF00EBFA36 /* ProjectPlaygroundTests.swift */ = {isa = PBXFileReference; lastKnownFileType = sourcecode.swift; path = ProjectPlaygroundTests.swift; sourceTree = "<group>"; };
		325F5C35277376DF00EBFA36 /* ProjectPlaygroundUITests.xctest */ = {isa = PBXFileReference; explicitFileType = wrapper.cfbundle; includeInIndex = 0; path = ProjectPlaygroundUITests.xctest; sourceTree = BUILT_PRODUCTS_DIR; };
		325F5C39277376DF00EBFA36 /* ProjectPlaygroundUITests.swift */ = {isa = PBXFileReference; lastKnownFileType = sourcecode.swift; path = ProjectPlaygroundUITests.swift; sourceTree = "<group>"; };
		325F5C3B277376DF00EBFA36 /* ProjectPlaygroundUITestsLaunchTests.swift */ = {isa = PBXFileReference; lastKnownFileType = sourcecode.swift; path = ProjectPlaygroundUITestsLaunchTests.swift; sourceTree = "<group>"; };
		32703B0F2834F4B400D4DC2F /* CustomTabbarViewController.swift */ = {isa = PBXFileReference; lastKnownFileType = sourcecode.swift; path = CustomTabbarViewController.swift; sourceTree = "<group>"; };
		32703B102834F4B400D4DC2F /* CustomTabbarViewController.xib */ = {isa = PBXFileReference; lastKnownFileType = file.xib; path = CustomTabbarViewController.xib; sourceTree = "<group>"; };
		327B99382845EBD8002407C4 /* TableHeaderViewController.swift */ = {isa = PBXFileReference; lastKnownFileType = sourcecode.swift; path = TableHeaderViewController.swift; sourceTree = "<group>"; };
		327B99392845EBD8002407C4 /* TableHeaderViewController.xib */ = {isa = PBXFileReference; lastKnownFileType = file.xib; path = TableHeaderViewController.xib; sourceTree = "<group>"; };
		327B993C2845EE24002407C4 /* SimpleTableViewCell.swift */ = {isa = PBXFileReference; lastKnownFileType = sourcecode.swift; path = SimpleTableViewCell.swift; sourceTree = "<group>"; };
		327B993D2845EE24002407C4 /* SimpleTableViewCell.xib */ = {isa = PBXFileReference; lastKnownFileType = file.xib; path = SimpleTableViewCell.xib; sourceTree = "<group>"; };
		32A1F4BD2788379E0022E3AD /* TableViewController.swift */ = {isa = PBXFileReference; lastKnownFileType = sourcecode.swift; path = TableViewController.swift; sourceTree = "<group>"; };
		32A1F4BE2788379E0022E3AD /* TableViewController.xib */ = {isa = PBXFileReference; lastKnownFileType = file.xib; path = TableViewController.xib; sourceTree = "<group>"; };
		32A1F4C2278837FB0022E3AD /* TableViewCell.swift */ = {isa = PBXFileReference; lastKnownFileType = sourcecode.swift; path = TableViewCell.swift; sourceTree = "<group>"; };
		32A1F4C3278837FB0022E3AD /* TableViewCell.xib */ = {isa = PBXFileReference; lastKnownFileType = file.xib; path = TableViewCell.xib; sourceTree = "<group>"; };
		32A1F4C7278840DC0022E3AD /* MovingViewController.swift */ = {isa = PBXFileReference; lastKnownFileType = sourcecode.swift; path = MovingViewController.swift; sourceTree = "<group>"; };
		32A1F4C8278840DC0022E3AD /* MovingViewController.xib */ = {isa = PBXFileReference; lastKnownFileType = file.xib; path = MovingViewController.xib; sourceTree = "<group>"; };
		32A94B3828D03C9200AF97A4 /* UIColor.swift */ = {isa = PBXFileReference; lastKnownFileType = sourcecode.swift; path = UIColor.swift; sourceTree = "<group>"; };
		32D8C2E32806584E0010CF6B /* Whatever2ViewController.swift */ = {isa = PBXFileReference; lastKnownFileType = sourcecode.swift; path = Whatever2ViewController.swift; sourceTree = "<group>"; };
		32D8C2E42806584E0010CF6B /* Whatever2ViewController.xib */ = {isa = PBXFileReference; lastKnownFileType = file.xib; path = Whatever2ViewController.xib; sourceTree = "<group>"; };
		32DA80F028C1E11400DACF0A /* SizeStorage.swift */ = {isa = PBXFileReference; fileEncoding = 4; lastKnownFileType = sourcecode.swift; path = SizeStorage.swift; sourceTree = "<group>"; };
		32DA80F228C1E17700DACF0A /* UIView.swift */ = {isa = PBXFileReference; fileEncoding = 4; lastKnownFileType = sourcecode.swift; path = UIView.swift; sourceTree = "<group>"; };
		32F76CA027FD71FB00512A7C /* WhateverViewController.swift */ = {isa = PBXFileReference; lastKnownFileType = sourcecode.swift; path = WhateverViewController.swift; sourceTree = "<group>"; };
		32F76CA127FD71FB00512A7C /* WhateverViewController.xib */ = {isa = PBXFileReference; lastKnownFileType = file.xib; path = WhateverViewController.xib; sourceTree = "<group>"; };
		3DBE31B55F59DA3F0FCF8CFB /* Pods-ProjectPlayground.debug.xcconfig */ = {isa = PBXFileReference; includeInIndex = 1; lastKnownFileType = text.xcconfig; name = "Pods-ProjectPlayground.debug.xcconfig"; path = "Target Support Files/Pods-ProjectPlayground/Pods-ProjectPlayground.debug.xcconfig"; sourceTree = "<group>"; };
		6FFF0CA5B20C7D15C7BAB0E6 /* Pods_ProjectPlayground.framework */ = {isa = PBXFileReference; explicitFileType = wrapper.framework; includeInIndex = 0; path = Pods_ProjectPlayground.framework; sourceTree = BUILT_PRODUCTS_DIR; };
		D7255660604AEB454384EDA1 /* Pods-ProjectPlayground.release.xcconfig */ = {isa = PBXFileReference; includeInIndex = 1; lastKnownFileType = text.xcconfig; name = "Pods-ProjectPlayground.release.xcconfig"; path = "Target Support Files/Pods-ProjectPlayground/Pods-ProjectPlayground.release.xcconfig"; sourceTree = "<group>"; };
/* End PBXFileReference section */

/* Begin PBXFrameworksBuildPhase section */
		325F5C12277376DD00EBFA36 /* Frameworks */ = {
			isa = PBXFrameworksBuildPhase;
			buildActionMask = 2147483647;
			files = (
				5FDB127CC53BCB187D89CCE6 /* Pods_ProjectPlayground.framework in Frameworks */,
			);
			runOnlyForDeploymentPostprocessing = 0;
		};
		325F5C28277376DF00EBFA36 /* Frameworks */ = {
			isa = PBXFrameworksBuildPhase;
			buildActionMask = 2147483647;
			files = (
			);
			runOnlyForDeploymentPostprocessing = 0;
		};
		325F5C32277376DF00EBFA36 /* Frameworks */ = {
			isa = PBXFrameworksBuildPhase;
			buildActionMask = 2147483647;
			files = (
			);
			runOnlyForDeploymentPostprocessing = 0;
		};
/* End PBXFrameworksBuildPhase section */

/* Begin PBXGroup section */
		21816424670055CA7663EC08 /* Frameworks */ = {
			isa = PBXGroup;
			children = (
				6FFF0CA5B20C7D15C7BAB0E6 /* Pods_ProjectPlayground.framework */,
			);
			name = Frameworks;
			sourceTree = "<group>";
		};
		321F5C8D27E9637200695184 /* Expending Cell 2 */ = {
			isa = PBXGroup;
			children = (
				321F5C8E27E9638E00695184 /* ExpendingCell2ViewController.swift */,
				321F5C8F27E9638E00695184 /* ExpendingCell2ViewController.xib */,
				321F5C9227E963F800695184 /* Expending2TableViewCell.swift */,
				321F5C9327E963F800695184 /* Expending2TableViewCell.xib */,
				321F5C9E27E9698700695184 /* Header.swift */,
			);
			path = "Expending Cell 2";
			sourceTree = "<group>";
		};
		321FA53F27D87FC100B67FB7 /* Error! */ = {
			isa = PBXGroup;
			children = (
				321FA54427D8802700B67FB7 /* CollectionRecursionViewController.swift */,
				321FA54527D8802700B67FB7 /* CollectionRecursionViewController.xib */,
				321FA54A27D8807100B67FB7 /* ErrorCollectionViewCell.swift */,
				321FA54B27D8807100B67FB7 /* ErrorCollectionViewCell.xib */,
			);
			path = "Error!";
			sourceTree = "<group>";
		};
		3220E88D28655F9400B98E92 /* TryingPath */ = {
			isa = PBXGroup;
			children = (
				3220E88928655F8F00B98E92 /* TryingPathViewController.swift */,
				3220E88A28655F8F00B98E92 /* TryingPathViewController.xib */,
			);
			path = TryingPath;
			sourceTree = "<group>";
		};
		322AA75627891AB500FE12D1 /* TableHeader */ = {
			isa = PBXGroup;
			children = (
				322AA769278924AB00FE12D1 /* TableViewHeader.swift */,
				322AA76A278924AB00FE12D1 /* TableViewHeader.xib */,
			);
			path = TableHeader;
			sourceTree = "<group>";
		};
		322AA76D2789262500FE12D1 /* TableHeader2 */ = {
			isa = PBXGroup;
			children = (
				322AA76E2789264300FE12D1 /* TableViewHeader2.swift */,
				322AA7702789264E00FE12D1 /* TableViewHeader2.xib */,
			);
			path = TableHeader2;
			sourceTree = "<group>";
		};
		322AA77227892D6F00FE12D1 /* Half Modal */ = {
			isa = PBXGroup;
			children = (
				322AA77727892DAE00FE12D1 /* Helper */,
				322AA77327892D9900FE12D1 /* ParentViewController.swift */,
				322AA77427892D9900FE12D1 /* ParentViewController.xib */,
				322AA77A27892E1700FE12D1 /* ChildViewController.swift */,
				322AA77B27892E1700FE12D1 /* ChildViewController.xib */,
			);
			path = "Half Modal";
			sourceTree = "<group>";
		};
		322AA77727892DAE00FE12D1 /* Helper */ = {
			isa = PBXGroup;
			children = (
				322AA77827892DBB00FE12D1 /* Half Modal.swift */,
			);
			path = Helper;
			sourceTree = "<group>";
		};
		322AA77E278941F200FE12D1 /* Video Player */ = {
			isa = PBXGroup;
			children = (
				322AA77F2789420500FE12D1 /* VideoViewController.swift */,
				322AA7802789420500FE12D1 /* VideoViewController.xib */,
			);
			path = "Video Player";
			sourceTree = "<group>";
		};
		322AA783278BBDA200FE12D1 /* Snapping CollectionView */ = {
			isa = PBXGroup;
			children = (
				322AA784278BBDFB00FE12D1 /* SnappingViewController.swift */,
				322AA785278BBDFB00FE12D1 /* SnappingViewController.xib */,
				322AA788278BBECE00FE12D1 /* SnapCollectionViewCell.swift */,
				322AA789278BBECE00FE12D1 /* SnapCollectionViewCell.xib */,
			);
			path = "Snapping CollectionView";
			sourceTree = "<group>";
		};
		322AA790278BF32700FE12D1 /* Snapping CollectionView 2 */ = {
			isa = PBXGroup;
			children = (
				322AA791278BF34100FE12D1 /* SnappingViewController2.swift */,
				322AA792278BF34100FE12D1 /* SnappingViewController2.xib */,
			);
			path = "Snapping CollectionView 2";
			sourceTree = "<group>";
		};
		3232C54028179E2300DC1AC7 /* ImagePicker */ = {
			isa = PBXGroup;
			children = (
				3232C54128179E4800DC1AC7 /* MyImagePickerViewController.swift */,
				3232C54228179E4800DC1AC7 /* MyImagePickerViewController.xib */,
				3232C5452817A73D00DC1AC7 /* ImageCollectionViewCell.swift */,
				3232C5462817A73D00DC1AC7 /* ImageCollectionViewCell.xib */,
			);
			path = ImagePicker;
			sourceTree = "<group>";
		};
		324170F827E48504000F8273 /* Expanding Cell */ = {
			isa = PBXGroup;
			children = (
				324170F927E4851D000F8273 /* ExpandingCellViewController.swift */,
				324170FA27E4851D000F8273 /* ExpandingCellViewController.xib */,
				324170FF27E485CB000F8273 /* ExpandingTableViewCell.swift */,
				3241710027E485CB000F8273 /* ExpandingTableViewCell.xib */,
				3241710327E48985000F8273 /* InsideTableViewCell.swift */,
				3241710427E48985000F8273 /* InsideTableViewCell.xib */,
			);
			path = "Expanding Cell";
			sourceTree = "<group>";
		};
		3246300C2863FB08009A4A6E /* TryingMVVM */ = {
			isa = PBXGroup;
			children = (
				3246301A2864110C009A4A6E /* Helper */,
				3246301628640E95009A4A6E /* Model */,
				3246301528640E8F009A4A6E /* Service */,
				3246302128641C78009A4A6E /* View Model */,
				3246302428642429009A4A6E /* View Controller */,
			);
			path = TryingMVVM;
			sourceTree = "<group>";
		};
		3246300D2863FB14009A4A6E /* Base Service */ = {
			isa = PBXGroup;
			children = (
				3246300E2863FB27009A4A6E /* BaseService.swift */,
			);
			path = "Base Service";
			sourceTree = "<group>";
		};
		324630102864003D009A4A6E /* Base Model */ = {
			isa = PBXGroup;
			children = (
				324630112864004A009A4A6E /* BaseModel.swift */,
			);
			path = "Base Model";
			sourceTree = "<group>";
		};
		3246301528640E8F009A4A6E /* Service */ = {
			isa = PBXGroup;
			children = (
				3246300D2863FB14009A4A6E /* Base Service */,
				324630182864106A009A4A6E /* NewsService.swift */,
			);
			path = Service;
			sourceTree = "<group>";
		};
		3246301628640E95009A4A6E /* Model */ = {
			isa = PBXGroup;
			children = (
				324630102864003D009A4A6E /* Base Model */,
				3246301728640EA8009A4A6E /* News */,
			);
			path = Model;
			sourceTree = "<group>";
		};
		3246301728640EA8009A4A6E /* News */ = {
			isa = PBXGroup;
			children = (
				3246301328640883009A4A6E /* News.swift */,
			);
			path = News;
			sourceTree = "<group>";
		};
		3246301A2864110C009A4A6E /* Helper */ = {
			isa = PBXGroup;
			children = (
				3246301B28641117009A4A6E /* URLStorage.swift */,
				3246301D28641169009A4A6E /* ParameterStorage.swift */,
				32463022286420B0009A4A6E /* DateHelper.swift */,
			);
			path = Helper;
			sourceTree = "<group>";
		};
		3246302128641C78009A4A6E /* View Model */ = {
			isa = PBXGroup;
			children = (
				3246301F28641C75009A4A6E /* NewsViewModel.swift */,
			);
			path = "View Model";
			sourceTree = "<group>";
		};
		3246302428642429009A4A6E /* View Controller */ = {
			isa = PBXGroup;
			children = (
				3246302528642439009A4A6E /* NewsViewController.swift */,
			);
			path = "View Controller";
			sourceTree = "<group>";
		};
		3251F70628D3143400701B60 /* TestingImage */ = {
			isa = PBXGroup;
			children = (
				3251F70728D3144300701B60 /* TestingImageViewController.swift */,
				3251F70828D3144300701B60 /* TestingImageViewController.xib */,
			);
			path = TestingImage;
			sourceTree = "<group>";
		};
		3254D600286ECFFF006BC83C /* TryingAnimation */ = {
			isa = PBXGroup;
			children = (
				325CEE95283781C400F472A9 /* AnimationStorage.swift */,
				3254D601286ED016006BC83C /* TryingAnimationViewController.swift */,
				3254D602286ED016006BC83C /* TryingAnimationViewController.xib */,
			);
			path = TryingAnimation;
			sourceTree = "<group>";
		};
		32587A9128CF1D2000D9B3FD /* ZoomingCollection */ = {
			isa = PBXGroup;
			children = (
				32587A8D28CF1D1A00D9B3FD /* ZoomingCollectionViewController.swift */,
				32587A8E28CF1D1A00D9B3FD /* ZoomingCollectionViewController.xib */,
				32587A9228CF1D8E00D9B3FD /* ZoomingCollectionViewCell.swift */,
				32587A9328CF1D8E00D9B3FD /* ZoomingCollectionViewCell.xib */,
				32587A9628CF253300D9B3FD /* CustomFlowLayout.swift */,
			);
			path = ZoomingCollection;
			sourceTree = "<group>";
		};
		325B94BA28C836FA00E0B904 /* DragAndDrop */ = {
			isa = PBXGroup;
			children = (
				325B94BB28C8371300E0B904 /* DragAndDropViewController.swift */,
				325B94BC28C8371300E0B904 /* DragAndDropViewController.xib */,
				325B94BF28C837A600E0B904 /* DnDCellCollectionViewCell.swift */,
				325B94C028C837A600E0B904 /* DnDCellCollectionViewCell.xib */,
			);
			path = DragAndDrop;
			sourceTree = "<group>";
		};
		325B94C628C87F1B00E0B904 /* TheButton */ = {
			isa = PBXGroup;
			children = (
				325B94C728C87F4600E0B904 /* TheButtonViewController.swift */,
				325B94C828C87F4600E0B904 /* TheButtonViewController.xib */,
			);
			path = TheButton;
			sourceTree = "<group>";
		};
		325F5C0C277376DC00EBFA36 = {
			isa = PBXGroup;
			children = (
				325F5C17277376DD00EBFA36 /* ProjectPlayground */,
				325F5C2E277376DF00EBFA36 /* ProjectPlaygroundTests */,
				325F5C38277376DF00EBFA36 /* ProjectPlaygroundUITests */,
				325F5C16277376DD00EBFA36 /* Products */,
				F7823DCFDABA9B528684B0D4 /* Pods */,
				21816424670055CA7663EC08 /* Frameworks */,
			);
			sourceTree = "<group>";
		};
		325F5C16277376DD00EBFA36 /* Products */ = {
			isa = PBXGroup;
			children = (
				325F5C15277376DD00EBFA36 /* ProjectPlayground.app */,
				325F5C2B277376DF00EBFA36 /* ProjectPlaygroundTests.xctest */,
				325F5C35277376DF00EBFA36 /* ProjectPlaygroundUITests.xctest */,
			);
			name = Products;
			sourceTree = "<group>";
		};
		325F5C17277376DD00EBFA36 /* ProjectPlayground */ = {
			isa = PBXGroup;
			children = (
				3251F70628D3143400701B60 /* TestingImage */,
				32587A9128CF1D2000D9B3FD /* ZoomingCollection */,
				325B94C628C87F1B00E0B904 /* TheButton */,
				325B94BA28C836FA00E0B904 /* DragAndDrop */,
				32DA80EF28C1E0FA00DACF0A /* Helper */,
				3254D600286ECFFF006BC83C /* TryingAnimation */,
				3220E88D28655F9400B98E92 /* TryingPath */,
				3246300C2863FB08009A4A6E /* TryingMVVM */,
				327B992F2845ADBB002407C4 /* TableViewHeader */,
				32703B0E2834F49800D4DC2F /* CustomTabbar */,
				3232C54028179E2300DC1AC7 /* ImagePicker */,
				32F76C9F27FD71E000512A7C /* Whatever */,
				321F5C8D27E9637200695184 /* Expending Cell 2 */,
				324170F827E48504000F8273 /* Expanding Cell */,
				321FA53F27D87FC100B67FB7 /* Error! */,
				322AA790278BF32700FE12D1 /* Snapping CollectionView 2 */,
				322AA783278BBDA200FE12D1 /* Snapping CollectionView */,
				322AA77E278941F200FE12D1 /* Video Player */,
				322AA77227892D6F00FE12D1 /* Half Modal */,
				32A1F4C6278840BD0022E3AD /* MovingView */,
				32A1F4BC278837840022E3AD /* TableView */,
				325F5C18277376DD00EBFA36 /* AppDelegate.swift */,
				325F5C1A277376DD00EBFA36 /* SceneDelegate.swift */,
				325F5C1C277376DD00EBFA36 /* ViewController.swift */,
				325F5C1E277376DD00EBFA36 /* Main.storyboard */,
				325F5C21277376DF00EBFA36 /* Assets.xcassets */,
				325F5C23277376DF00EBFA36 /* LaunchScreen.storyboard */,
				325F5C26277376DF00EBFA36 /* Info.plist */,
			);
			path = ProjectPlayground;
			sourceTree = "<group>";
		};
		325F5C2E277376DF00EBFA36 /* ProjectPlaygroundTests */ = {
			isa = PBXGroup;
			children = (
				325F5C2F277376DF00EBFA36 /* ProjectPlaygroundTests.swift */,
			);
			path = ProjectPlaygroundTests;
			sourceTree = "<group>";
		};
		325F5C38277376DF00EBFA36 /* ProjectPlaygroundUITests */ = {
			isa = PBXGroup;
			children = (
				325F5C39277376DF00EBFA36 /* ProjectPlaygroundUITests.swift */,
				325F5C3B277376DF00EBFA36 /* ProjectPlaygroundUITestsLaunchTests.swift */,
			);
			path = ProjectPlaygroundUITests;
			sourceTree = "<group>";
		};
		32703B0E2834F49800D4DC2F /* CustomTabbar */ = {
			isa = PBXGroup;
			children = (
				32703B0F2834F4B400D4DC2F /* CustomTabbarViewController.swift */,
				32703B102834F4B400D4DC2F /* CustomTabbarViewController.xib */,
				325CEE8D2837776000F472A9 /* ExampleOneViewController.swift */,
				325CEE8E2837776000F472A9 /* ExampleOneViewController.xib */,
				325CEE912837776C00F472A9 /* ExampleTwoViewController.swift */,
				325CEE922837776C00F472A9 /* ExampleTwoViewController.xib */,
			);
			path = CustomTabbar;
			sourceTree = "<group>";
		};
		327B992F2845ADBB002407C4 /* TableViewHeader */ = {
			isa = PBXGroup;
			children = (
				327B99382845EBD8002407C4 /* TableHeaderViewController.swift */,
				327B99392845EBD8002407C4 /* TableHeaderViewController.xib */,
				327B993C2845EE24002407C4 /* SimpleTableViewCell.swift */,
				327B993D2845EE24002407C4 /* SimpleTableViewCell.xib */,
			);
			path = TableViewHeader;
			sourceTree = "<group>";
		};
		32A1F4BC278837840022E3AD /* TableView */ = {
			isa = PBXGroup;
			children = (
				322AA76D2789262500FE12D1 /* TableHeader2 */,
				322AA75627891AB500FE12D1 /* TableHeader */,
				32A1F4C1278837E10022E3AD /* TableCell */,
				32A1F4BD2788379E0022E3AD /* TableViewController.swift */,
				32A1F4BE2788379E0022E3AD /* TableViewController.xib */,
			);
			path = TableView;
			sourceTree = "<group>";
		};
		32A1F4C1278837E10022E3AD /* TableCell */ = {
			isa = PBXGroup;
			children = (
				32A1F4C2278837FB0022E3AD /* TableViewCell.swift */,
				32A1F4C3278837FB0022E3AD /* TableViewCell.xib */,
			);
			path = TableCell;
			sourceTree = "<group>";
		};
		32A1F4C6278840BD0022E3AD /* MovingView */ = {
			isa = PBXGroup;
			children = (
				32A1F4C7278840DC0022E3AD /* MovingViewController.swift */,
				32A1F4C8278840DC0022E3AD /* MovingViewController.xib */,
			);
			path = MovingView;
			sourceTree = "<group>";
		};
		32DA80EF28C1E0FA00DACF0A /* Helper */ = {
			isa = PBXGroup;
			children = (
				32DA80F028C1E11400DACF0A /* SizeStorage.swift */,
				32DA80F228C1E17700DACF0A /* UIView.swift */,
				32A94B3828D03C9200AF97A4 /* UIColor.swift */,
			);
			path = Helper;
			sourceTree = "<group>";
		};
		32F76C9F27FD71E000512A7C /* Whatever */ = {
			isa = PBXGroup;
			children = (
				32F76CA027FD71FB00512A7C /* WhateverViewController.swift */,
				32F76CA127FD71FB00512A7C /* WhateverViewController.xib */,
				32D8C2E32806584E0010CF6B /* Whatever2ViewController.swift */,
				32D8C2E42806584E0010CF6B /* Whatever2ViewController.xib */,
			);
			path = Whatever;
			sourceTree = "<group>";
		};
		F7823DCFDABA9B528684B0D4 /* Pods */ = {
			isa = PBXGroup;
			children = (
				3DBE31B55F59DA3F0FCF8CFB /* Pods-ProjectPlayground.debug.xcconfig */,
				D7255660604AEB454384EDA1 /* Pods-ProjectPlayground.release.xcconfig */,
			);
			path = Pods;
			sourceTree = "<group>";
		};
/* End PBXGroup section */

/* Begin PBXNativeTarget section */
		325F5C14277376DD00EBFA36 /* ProjectPlayground */ = {
			isa = PBXNativeTarget;
			buildConfigurationList = 325F5C3F277376DF00EBFA36 /* Build configuration list for PBXNativeTarget "ProjectPlayground" */;
			buildPhases = (
				777CF592843CC7C11C1D7A52 /* [CP] Check Pods Manifest.lock */,
				325F5C11277376DD00EBFA36 /* Sources */,
				325F5C12277376DD00EBFA36 /* Frameworks */,
				325F5C13277376DD00EBFA36 /* Resources */,
				285060599985A785D6409479 /* [CP] Embed Pods Frameworks */,
			);
			buildRules = (
			);
			dependencies = (
			);
			name = ProjectPlayground;
			productName = ProjectPlayground;
			productReference = 325F5C15277376DD00EBFA36 /* ProjectPlayground.app */;
			productType = "com.apple.product-type.application";
		};
		325F5C2A277376DF00EBFA36 /* ProjectPlaygroundTests */ = {
			isa = PBXNativeTarget;
			buildConfigurationList = 325F5C42277376DF00EBFA36 /* Build configuration list for PBXNativeTarget "ProjectPlaygroundTests" */;
			buildPhases = (
				325F5C27277376DF00EBFA36 /* Sources */,
				325F5C28277376DF00EBFA36 /* Frameworks */,
				325F5C29277376DF00EBFA36 /* Resources */,
			);
			buildRules = (
			);
			dependencies = (
				325F5C2D277376DF00EBFA36 /* PBXTargetDependency */,
			);
			name = ProjectPlaygroundTests;
			productName = ProjectPlaygroundTests;
			productReference = 325F5C2B277376DF00EBFA36 /* ProjectPlaygroundTests.xctest */;
			productType = "com.apple.product-type.bundle.unit-test";
		};
		325F5C34277376DF00EBFA36 /* ProjectPlaygroundUITests */ = {
			isa = PBXNativeTarget;
			buildConfigurationList = 325F5C45277376DF00EBFA36 /* Build configuration list for PBXNativeTarget "ProjectPlaygroundUITests" */;
			buildPhases = (
				325F5C31277376DF00EBFA36 /* Sources */,
				325F5C32277376DF00EBFA36 /* Frameworks */,
				325F5C33277376DF00EBFA36 /* Resources */,
			);
			buildRules = (
			);
			dependencies = (
				325F5C37277376DF00EBFA36 /* PBXTargetDependency */,
			);
			name = ProjectPlaygroundUITests;
			productName = ProjectPlaygroundUITests;
			productReference = 325F5C35277376DF00EBFA36 /* ProjectPlaygroundUITests.xctest */;
			productType = "com.apple.product-type.bundle.ui-testing";
		};
/* End PBXNativeTarget section */

/* Begin PBXProject section */
		325F5C0D277376DC00EBFA36 /* Project object */ = {
			isa = PBXProject;
			attributes = {
				BuildIndependentTargetsInParallel = 1;
				LastSwiftUpdateCheck = 1320;
				LastUpgradeCheck = 1320;
				TargetAttributes = {
					325F5C14277376DD00EBFA36 = {
						CreatedOnToolsVersion = 13.2;
					};
					325F5C2A277376DF00EBFA36 = {
						CreatedOnToolsVersion = 13.2;
						TestTargetID = 325F5C14277376DD00EBFA36;
					};
					325F5C34277376DF00EBFA36 = {
						CreatedOnToolsVersion = 13.2;
						TestTargetID = 325F5C14277376DD00EBFA36;
					};
				};
			};
			buildConfigurationList = 325F5C10277376DC00EBFA36 /* Build configuration list for PBXProject "ProjectPlayground" */;
			compatibilityVersion = "Xcode 13.0";
			developmentRegion = en;
			hasScannedForEncodings = 0;
			knownRegions = (
				en,
				Base,
			);
			mainGroup = 325F5C0C277376DC00EBFA36;
			productRefGroup = 325F5C16277376DD00EBFA36 /* Products */;
			projectDirPath = "";
			projectRoot = "";
			targets = (
				325F5C14277376DD00EBFA36 /* ProjectPlayground */,
				325F5C2A277376DF00EBFA36 /* ProjectPlaygroundTests */,
				325F5C34277376DF00EBFA36 /* ProjectPlaygroundUITests */,
			);
		};
/* End PBXProject section */

/* Begin PBXResourcesBuildPhase section */
		325F5C13277376DD00EBFA36 /* Resources */ = {
			isa = PBXResourcesBuildPhase;
			buildActionMask = 2147483647;
			files = (
				32F76CA327FD71FB00512A7C /* WhateverViewController.xib in Resources */,
				3241710227E485CC000F8273 /* ExpandingTableViewCell.xib in Resources */,
				32587A9528CF1D8E00D9B3FD /* ZoomingCollectionViewCell.xib in Resources */,
				324170FC27E4851D000F8273 /* ExpandingCellViewController.xib in Resources */,
				325F5C25277376DF00EBFA36 /* LaunchScreen.storyboard in Resources */,
				32703B122834F4B400D4DC2F /* CustomTabbarViewController.xib in Resources */,
				325B94CA28C87F4600E0B904 /* TheButtonViewController.xib in Resources */,
				322AA77627892D9900FE12D1 /* ParentViewController.xib in Resources */,
				321F5C9127E9638E00695184 /* ExpendingCell2ViewController.xib in Resources */,
				325CEE902837776000F472A9 /* ExampleOneViewController.xib in Resources */,
				327B993B2845EBD8002407C4 /* TableHeaderViewController.xib in Resources */,
				3232C5482817A73D00DC1AC7 /* ImageCollectionViewCell.xib in Resources */,
				3254D604286ED016006BC83C /* TryingAnimationViewController.xib in Resources */,
				322AA787278BBDFB00FE12D1 /* SnappingViewController.xib in Resources */,
				32A1F4C5278837FB0022E3AD /* TableViewCell.xib in Resources */,
				321FA54727D8802700B67FB7 /* CollectionRecursionViewController.xib in Resources */,
				322AA77D27892E1700FE12D1 /* ChildViewController.xib in Resources */,
				325CEE942837776C00F472A9 /* ExampleTwoViewController.xib in Resources */,
				327B993F2845EE24002407C4 /* SimpleTableViewCell.xib in Resources */,
				322AA76C278924AB00FE12D1 /* TableViewHeader.xib in Resources */,
				322AA7712789264E00FE12D1 /* TableViewHeader2.xib in Resources */,
				3251F70A28D3144300701B60 /* TestingImageViewController.xib in Resources */,
				32A1F4CA278840DC0022E3AD /* MovingViewController.xib in Resources */,
				3232C54428179E4800DC1AC7 /* MyImagePickerViewController.xib in Resources */,
				325B94BE28C8371300E0B904 /* DragAndDropViewController.xib in Resources */,
				32D8C2E62806584E0010CF6B /* Whatever2ViewController.xib in Resources */,
				3220E88C28655F8F00B98E92 /* TryingPathViewController.xib in Resources */,
				3241710627E48985000F8273 /* InsideTableViewCell.xib in Resources */,
				321F5C9527E963F800695184 /* Expending2TableViewCell.xib in Resources */,
				325F5C22277376DF00EBFA36 /* Assets.xcassets in Resources */,
				322AA78B278BBECE00FE12D1 /* SnapCollectionViewCell.xib in Resources */,
				325F5C20277376DD00EBFA36 /* Main.storyboard in Resources */,
				322AA7822789420500FE12D1 /* VideoViewController.xib in Resources */,
				321FA54D27D8807100B67FB7 /* ErrorCollectionViewCell.xib in Resources */,
				32A1F4C02788379E0022E3AD /* TableViewController.xib in Resources */,
				322AA794278BF34100FE12D1 /* SnappingViewController2.xib in Resources */,
				32587A9028CF1D1A00D9B3FD /* ZoomingCollectionViewController.xib in Resources */,
				325B94C228C837A600E0B904 /* DnDCellCollectionViewCell.xib in Resources */,
			);
			runOnlyForDeploymentPostprocessing = 0;
		};
		325F5C29277376DF00EBFA36 /* Resources */ = {
			isa = PBXResourcesBuildPhase;
			buildActionMask = 2147483647;
			files = (
			);
			runOnlyForDeploymentPostprocessing = 0;
		};
		325F5C33277376DF00EBFA36 /* Resources */ = {
			isa = PBXResourcesBuildPhase;
			buildActionMask = 2147483647;
			files = (
			);
			runOnlyForDeploymentPostprocessing = 0;
		};
/* End PBXResourcesBuildPhase section */

/* Begin PBXShellScriptBuildPhase section */
		285060599985A785D6409479 /* [CP] Embed Pods Frameworks */ = {
			isa = PBXShellScriptBuildPhase;
			buildActionMask = 2147483647;
			files = (
			);
			inputFileListPaths = (
				"${PODS_ROOT}/Target Support Files/Pods-ProjectPlayground/Pods-ProjectPlayground-frameworks-${CONFIGURATION}-input-files.xcfilelist",
			);
			name = "[CP] Embed Pods Frameworks";
			outputFileListPaths = (
				"${PODS_ROOT}/Target Support Files/Pods-ProjectPlayground/Pods-ProjectPlayground-frameworks-${CONFIGURATION}-output-files.xcfilelist",
			);
			runOnlyForDeploymentPostprocessing = 0;
			shellPath = /bin/sh;
			shellScript = "\"${PODS_ROOT}/Target Support Files/Pods-ProjectPlayground/Pods-ProjectPlayground-frameworks.sh\"\n";
			showEnvVarsInLog = 0;
		};
		777CF592843CC7C11C1D7A52 /* [CP] Check Pods Manifest.lock */ = {
			isa = PBXShellScriptBuildPhase;
			buildActionMask = 2147483647;
			files = (
			);
			inputFileListPaths = (
			);
			inputPaths = (
				"${PODS_PODFILE_DIR_PATH}/Podfile.lock",
				"${PODS_ROOT}/Manifest.lock",
			);
			name = "[CP] Check Pods Manifest.lock";
			outputFileListPaths = (
			);
			outputPaths = (
				"$(DERIVED_FILE_DIR)/Pods-ProjectPlayground-checkManifestLockResult.txt",
			);
			runOnlyForDeploymentPostprocessing = 0;
			shellPath = /bin/sh;
			shellScript = "diff \"${PODS_PODFILE_DIR_PATH}/Podfile.lock\" \"${PODS_ROOT}/Manifest.lock\" > /dev/null\nif [ $? != 0 ] ; then\n    # print error to STDERR\n    echo \"error: The sandbox is not in sync with the Podfile.lock. Run 'pod install' or update your CocoaPods installation.\" >&2\n    exit 1\nfi\n# This output is used by Xcode 'outputs' to avoid re-running this script phase.\necho \"SUCCESS\" > \"${SCRIPT_OUTPUT_FILE_0}\"\n";
			showEnvVarsInLog = 0;
		};
/* End PBXShellScriptBuildPhase section */

/* Begin PBXSourcesBuildPhase section */
		325F5C11277376DD00EBFA36 /* Sources */ = {
			isa = PBXSourcesBuildPhase;
			buildActionMask = 2147483647;
			files = (
				324630192864106A009A4A6E /* NewsService.swift in Sources */,
				322AA78A278BBECE00FE12D1 /* SnapCollectionViewCell.swift in Sources */,
				32F76CA227FD71FB00512A7C /* WhateverViewController.swift in Sources */,
				3232C5472817A73D00DC1AC7 /* ImageCollectionViewCell.swift in Sources */,
				322AA77C27892E1700FE12D1 /* ChildViewController.swift in Sources */,
				321FA54C27D8807100B67FB7 /* ErrorCollectionViewCell.swift in Sources */,
				3232C54328179E4800DC1AC7 /* MyImagePickerViewController.swift in Sources */,
				325B94C128C837A600E0B904 /* DnDCellCollectionViewCell.swift in Sources */,
				3246302028641C75009A4A6E /* NewsViewModel.swift in Sources */,
				32A1F4C9278840DC0022E3AD /* MovingViewController.swift in Sources */,
				322AA7812789420500FE12D1 /* VideoViewController.swift in Sources */,
				32A1F4C4278837FB0022E3AD /* TableViewCell.swift in Sources */,
				324630122864004A009A4A6E /* BaseModel.swift in Sources */,
				325CEE8F2837776000F472A9 /* ExampleOneViewController.swift in Sources */,
				325F5C1D277376DD00EBFA36 /* ViewController.swift in Sources */,
				32703B112834F4B400D4DC2F /* CustomTabbarViewController.swift in Sources */,
				3246300F2863FB27009A4A6E /* BaseService.swift in Sources */,
				32A94B3928D03C9200AF97A4 /* UIColor.swift in Sources */,
				32DA80F128C1E11400DACF0A /* SizeStorage.swift in Sources */,
				327B993E2845EE24002407C4 /* SimpleTableViewCell.swift in Sources */,
				32587A9428CF1D8E00D9B3FD /* ZoomingCollectionViewCell.swift in Sources */,
				325F5C19277376DD00EBFA36 /* AppDelegate.swift in Sources */,
				327B993A2845EBD8002407C4 /* TableHeaderViewController.swift in Sources */,
				321FA54627D8802700B67FB7 /* CollectionRecursionViewController.swift in Sources */,
				325CEE932837776C00F472A9 /* ExampleTwoViewController.swift in Sources */,
				322AA786278BBDFB00FE12D1 /* SnappingViewController.swift in Sources */,
				325F5C1B277376DD00EBFA36 /* SceneDelegate.swift in Sources */,
				3241710127E485CC000F8273 /* ExpandingTableViewCell.swift in Sources */,
				32A1F4BF2788379E0022E3AD /* TableViewController.swift in Sources */,
				322AA76B278924AB00FE12D1 /* TableViewHeader.swift in Sources */,
				32D8C2E52806584E0010CF6B /* Whatever2ViewController.swift in Sources */,
				322AA76F2789264300FE12D1 /* TableViewHeader2.swift in Sources */,
				3246301E28641169009A4A6E /* ParameterStorage.swift in Sources */,
				32DA80F328C1E17700DACF0A /* UIView.swift in Sources */,
				3251F70928D3144300701B60 /* TestingImageViewController.swift in Sources */,
				32463023286420B0009A4A6E /* DateHelper.swift in Sources */,
				322AA77527892D9900FE12D1 /* ParentViewController.swift in Sources */,
				3220E88B28655F8F00B98E92 /* TryingPathViewController.swift in Sources */,
				3246301C28641117009A4A6E /* URLStorage.swift in Sources */,
				321F5C9F27E9698700695184 /* Header.swift in Sources */,
				325B94C928C87F4600E0B904 /* TheButtonViewController.swift in Sources */,
				321F5C9427E963F800695184 /* Expending2TableViewCell.swift in Sources */,
				324170FB27E4851D000F8273 /* ExpandingCellViewController.swift in Sources */,
				3246301428640883009A4A6E /* News.swift in Sources */,
				325B94BD28C8371300E0B904 /* DragAndDropViewController.swift in Sources */,
				322AA793278BF34100FE12D1 /* SnappingViewController2.swift in Sources */,
				322AA77927892DBB00FE12D1 /* Half Modal.swift in Sources */,
				3241710527E48985000F8273 /* InsideTableViewCell.swift in Sources */,
				3246302628642439009A4A6E /* NewsViewController.swift in Sources */,
				325CEE96283781C400F472A9 /* AnimationStorage.swift in Sources */,
				3254D603286ED016006BC83C /* TryingAnimationViewController.swift in Sources */,
				32587A8F28CF1D1A00D9B3FD /* ZoomingCollectionViewController.swift in Sources */,
				32587A9728CF253300D9B3FD /* CustomFlowLayout.swift in Sources */,
				321F5C9027E9638E00695184 /* ExpendingCell2ViewController.swift in Sources */,
			);
			runOnlyForDeploymentPostprocessing = 0;
		};
		325F5C27277376DF00EBFA36 /* Sources */ = {
			isa = PBXSourcesBuildPhase;
			buildActionMask = 2147483647;
			files = (
				325F5C30277376DF00EBFA36 /* ProjectPlaygroundTests.swift in Sources */,
			);
			runOnlyForDeploymentPostprocessing = 0;
		};
		325F5C31277376DF00EBFA36 /* Sources */ = {
			isa = PBXSourcesBuildPhase;
			buildActionMask = 2147483647;
			files = (
				325F5C3A277376DF00EBFA36 /* ProjectPlaygroundUITests.swift in Sources */,
				325F5C3C277376DF00EBFA36 /* ProjectPlaygroundUITestsLaunchTests.swift in Sources */,
			);
			runOnlyForDeploymentPostprocessing = 0;
		};
/* End PBXSourcesBuildPhase section */

/* Begin PBXTargetDependency section */
		325F5C2D277376DF00EBFA36 /* PBXTargetDependency */ = {
			isa = PBXTargetDependency;
			target = 325F5C14277376DD00EBFA36 /* ProjectPlayground */;
			targetProxy = 325F5C2C277376DF00EBFA36 /* PBXContainerItemProxy */;
		};
		325F5C37277376DF00EBFA36 /* PBXTargetDependency */ = {
			isa = PBXTargetDependency;
			target = 325F5C14277376DD00EBFA36 /* ProjectPlayground */;
			targetProxy = 325F5C36277376DF00EBFA36 /* PBXContainerItemProxy */;
		};
/* End PBXTargetDependency section */

/* Begin PBXVariantGroup section */
		325F5C1E277376DD00EBFA36 /* Main.storyboard */ = {
			isa = PBXVariantGroup;
			children = (
				325F5C1F277376DD00EBFA36 /* Base */,
			);
			name = Main.storyboard;
			sourceTree = "<group>";
		};
		325F5C23277376DF00EBFA36 /* LaunchScreen.storyboard */ = {
			isa = PBXVariantGroup;
			children = (
				325F5C24277376DF00EBFA36 /* Base */,
			);
			name = LaunchScreen.storyboard;
			sourceTree = "<group>";
		};
/* End PBXVariantGroup section */

/* Begin XCBuildConfiguration section */
		325F5C3D277376DF00EBFA36 /* Debug */ = {
			isa = XCBuildConfiguration;
			buildSettings = {
				ALWAYS_SEARCH_USER_PATHS = NO;
				CLANG_ANALYZER_NONNULL = YES;
				CLANG_ANALYZER_NUMBER_OBJECT_CONVERSION = YES_AGGRESSIVE;
				CLANG_CXX_LANGUAGE_STANDARD = "gnu++17";
				CLANG_CXX_LIBRARY = "libc++";
				CLANG_ENABLE_MODULES = YES;
				CLANG_ENABLE_OBJC_ARC = YES;
				CLANG_ENABLE_OBJC_WEAK = YES;
				CLANG_WARN_BLOCK_CAPTURE_AUTORELEASING = YES;
				CLANG_WARN_BOOL_CONVERSION = YES;
				CLANG_WARN_COMMA = YES;
				CLANG_WARN_CONSTANT_CONVERSION = YES;
				CLANG_WARN_DEPRECATED_OBJC_IMPLEMENTATIONS = YES;
				CLANG_WARN_DIRECT_OBJC_ISA_USAGE = YES_ERROR;
				CLANG_WARN_DOCUMENTATION_COMMENTS = YES;
				CLANG_WARN_EMPTY_BODY = YES;
				CLANG_WARN_ENUM_CONVERSION = YES;
				CLANG_WARN_INFINITE_RECURSION = YES;
				CLANG_WARN_INT_CONVERSION = YES;
				CLANG_WARN_NON_LITERAL_NULL_CONVERSION = YES;
				CLANG_WARN_OBJC_IMPLICIT_RETAIN_SELF = YES;
				CLANG_WARN_OBJC_LITERAL_CONVERSION = YES;
				CLANG_WARN_OBJC_ROOT_CLASS = YES_ERROR;
				CLANG_WARN_QUOTED_INCLUDE_IN_FRAMEWORK_HEADER = YES;
				CLANG_WARN_RANGE_LOOP_ANALYSIS = YES;
				CLANG_WARN_STRICT_PROTOTYPES = YES;
				CLANG_WARN_SUSPICIOUS_MOVE = YES;
				CLANG_WARN_UNGUARDED_AVAILABILITY = YES_AGGRESSIVE;
				CLANG_WARN_UNREACHABLE_CODE = YES;
				CLANG_WARN__DUPLICATE_METHOD_MATCH = YES;
				COPY_PHASE_STRIP = NO;
				DEBUG_INFORMATION_FORMAT = dwarf;
				ENABLE_STRICT_OBJC_MSGSEND = YES;
				ENABLE_TESTABILITY = YES;
				GCC_C_LANGUAGE_STANDARD = gnu11;
				GCC_DYNAMIC_NO_PIC = NO;
				GCC_NO_COMMON_BLOCKS = YES;
				GCC_OPTIMIZATION_LEVEL = 0;
				GCC_PREPROCESSOR_DEFINITIONS = (
					"DEBUG=1",
					"$(inherited)",
				);
				GCC_WARN_64_TO_32_BIT_CONVERSION = YES;
				GCC_WARN_ABOUT_RETURN_TYPE = YES_ERROR;
				GCC_WARN_UNDECLARED_SELECTOR = YES;
				GCC_WARN_UNINITIALIZED_AUTOS = YES_AGGRESSIVE;
				GCC_WARN_UNUSED_FUNCTION = YES;
				GCC_WARN_UNUSED_VARIABLE = YES;
				IPHONEOS_DEPLOYMENT_TARGET = 15.2;
				MTL_ENABLE_DEBUG_INFO = INCLUDE_SOURCE;
				MTL_FAST_MATH = YES;
				ONLY_ACTIVE_ARCH = YES;
				SDKROOT = iphoneos;
				SWIFT_ACTIVE_COMPILATION_CONDITIONS = DEBUG;
				SWIFT_OPTIMIZATION_LEVEL = "-Onone";
			};
			name = Debug;
		};
		325F5C3E277376DF00EBFA36 /* Release */ = {
			isa = XCBuildConfiguration;
			buildSettings = {
				ALWAYS_SEARCH_USER_PATHS = NO;
				CLANG_ANALYZER_NONNULL = YES;
				CLANG_ANALYZER_NUMBER_OBJECT_CONVERSION = YES_AGGRESSIVE;
				CLANG_CXX_LANGUAGE_STANDARD = "gnu++17";
				CLANG_CXX_LIBRARY = "libc++";
				CLANG_ENABLE_MODULES = YES;
				CLANG_ENABLE_OBJC_ARC = YES;
				CLANG_ENABLE_OBJC_WEAK = YES;
				CLANG_WARN_BLOCK_CAPTURE_AUTORELEASING = YES;
				CLANG_WARN_BOOL_CONVERSION = YES;
				CLANG_WARN_COMMA = YES;
				CLANG_WARN_CONSTANT_CONVERSION = YES;
				CLANG_WARN_DEPRECATED_OBJC_IMPLEMENTATIONS = YES;
				CLANG_WARN_DIRECT_OBJC_ISA_USAGE = YES_ERROR;
				CLANG_WARN_DOCUMENTATION_COMMENTS = YES;
				CLANG_WARN_EMPTY_BODY = YES;
				CLANG_WARN_ENUM_CONVERSION = YES;
				CLANG_WARN_INFINITE_RECURSION = YES;
				CLANG_WARN_INT_CONVERSION = YES;
				CLANG_WARN_NON_LITERAL_NULL_CONVERSION = YES;
				CLANG_WARN_OBJC_IMPLICIT_RETAIN_SELF = YES;
				CLANG_WARN_OBJC_LITERAL_CONVERSION = YES;
				CLANG_WARN_OBJC_ROOT_CLASS = YES_ERROR;
				CLANG_WARN_QUOTED_INCLUDE_IN_FRAMEWORK_HEADER = YES;
				CLANG_WARN_RANGE_LOOP_ANALYSIS = YES;
				CLANG_WARN_STRICT_PROTOTYPES = YES;
				CLANG_WARN_SUSPICIOUS_MOVE = YES;
				CLANG_WARN_UNGUARDED_AVAILABILITY = YES_AGGRESSIVE;
				CLANG_WARN_UNREACHABLE_CODE = YES;
				CLANG_WARN__DUPLICATE_METHOD_MATCH = YES;
				COPY_PHASE_STRIP = NO;
				DEBUG_INFORMATION_FORMAT = "dwarf-with-dsym";
				ENABLE_NS_ASSERTIONS = NO;
				ENABLE_STRICT_OBJC_MSGSEND = YES;
				GCC_C_LANGUAGE_STANDARD = gnu11;
				GCC_NO_COMMON_BLOCKS = YES;
				GCC_WARN_64_TO_32_BIT_CONVERSION = YES;
				GCC_WARN_ABOUT_RETURN_TYPE = YES_ERROR;
				GCC_WARN_UNDECLARED_SELECTOR = YES;
				GCC_WARN_UNINITIALIZED_AUTOS = YES_AGGRESSIVE;
				GCC_WARN_UNUSED_FUNCTION = YES;
				GCC_WARN_UNUSED_VARIABLE = YES;
				IPHONEOS_DEPLOYMENT_TARGET = 15.2;
				MTL_ENABLE_DEBUG_INFO = NO;
				MTL_FAST_MATH = YES;
				SDKROOT = iphoneos;
				SWIFT_COMPILATION_MODE = wholemodule;
				SWIFT_OPTIMIZATION_LEVEL = "-O";
				VALIDATE_PRODUCT = YES;
			};
			name = Release;
		};
		325F5C40277376DF00EBFA36 /* Debug */ = {
			isa = XCBuildConfiguration;
			baseConfigurationReference = 3DBE31B55F59DA3F0FCF8CFB /* Pods-ProjectPlayground.debug.xcconfig */;
			buildSettings = {
				ASSETCATALOG_COMPILER_APPICON_NAME = AppIcon;
				ASSETCATALOG_COMPILER_GLOBAL_ACCENT_COLOR_NAME = AccentColor;
				CODE_SIGN_STYLE = Automatic;
				CURRENT_PROJECT_VERSION = 1;
				DEVELOPMENT_TEAM = CN329Q28W4;
				GENERATE_INFOPLIST_FILE = YES;
				INFOPLIST_FILE = ProjectPlayground/Info.plist;
				INFOPLIST_KEY_NSLocationAlwaysAndWhenInUseUsageDescription = pls;
				INFOPLIST_KEY_NSLocationWhenInUseUsageDescription = pls;
				INFOPLIST_KEY_UIApplicationSupportsIndirectInputEvents = YES;
				INFOPLIST_KEY_UILaunchStoryboardName = LaunchScreen;
				INFOPLIST_KEY_UIMainStoryboardFile = Main;
				INFOPLIST_KEY_UISupportedInterfaceOrientations_iPad = "UIInterfaceOrientationPortrait UIInterfaceOrientationPortraitUpsideDown UIInterfaceOrientationLandscapeLeft UIInterfaceOrientationLandscapeRight";
				INFOPLIST_KEY_UISupportedInterfaceOrientations_iPhone = "UIInterfaceOrientationPortrait UIInterfaceOrientationLandscapeLeft UIInterfaceOrientationLandscapeRight";
				IPHONEOS_DEPLOYMENT_TARGET = 13.0;
				LD_RUNPATH_SEARCH_PATHS = (
					"$(inherited)",
					"@executable_path/Frameworks",
				);
				MARKETING_VERSION = 1.0;
				PRODUCT_BUNDLE_IDENTIFIER = Koron.ProjectPlayground;
				PRODUCT_NAME = "$(TARGET_NAME)";
				SWIFT_EMIT_LOC_STRINGS = YES;
				SWIFT_VERSION = 5.0;
				TARGETED_DEVICE_FAMILY = "1,2";
			};
			name = Debug;
		};
		325F5C41277376DF00EBFA36 /* Release */ = {
			isa = XCBuildConfiguration;
			baseConfigurationReference = D7255660604AEB454384EDA1 /* Pods-ProjectPlayground.release.xcconfig */;
			buildSettings = {
				ASSETCATALOG_COMPILER_APPICON_NAME = AppIcon;
				ASSETCATALOG_COMPILER_GLOBAL_ACCENT_COLOR_NAME = AccentColor;
				CODE_SIGN_STYLE = Automatic;
				CURRENT_PROJECT_VERSION = 1;
				DEVELOPMENT_TEAM = CN329Q28W4;
				GENERATE_INFOPLIST_FILE = YES;
				INFOPLIST_FILE = ProjectPlayground/Info.plist;
				INFOPLIST_KEY_NSLocationAlwaysAndWhenInUseUsageDescription = pls;
				INFOPLIST_KEY_NSLocationWhenInUseUsageDescription = pls;
				INFOPLIST_KEY_UIApplicationSupportsIndirectInputEvents = YES;
				INFOPLIST_KEY_UILaunchStoryboardName = LaunchScreen;
				INFOPLIST_KEY_UIMainStoryboardFile = Main;
				INFOPLIST_KEY_UISupportedInterfaceOrientations_iPad = "UIInterfaceOrientationPortrait UIInterfaceOrientationPortraitUpsideDown UIInterfaceOrientationLandscapeLeft UIInterfaceOrientationLandscapeRight";
				INFOPLIST_KEY_UISupportedInterfaceOrientations_iPhone = "UIInterfaceOrientationPortrait UIInterfaceOrientationLandscapeLeft UIInterfaceOrientationLandscapeRight";
				IPHONEOS_DEPLOYMENT_TARGET = 13.0;
				LD_RUNPATH_SEARCH_PATHS = (
					"$(inherited)",
					"@executable_path/Frameworks",
				);
				MARKETING_VERSION = 1.0;
				PRODUCT_BUNDLE_IDENTIFIER = Koron.ProjectPlayground;
				PRODUCT_NAME = "$(TARGET_NAME)";
				SWIFT_EMIT_LOC_STRINGS = YES;
				SWIFT_VERSION = 5.0;
				TARGETED_DEVICE_FAMILY = "1,2";
			};
			name = Release;
		};
		325F5C43277376DF00EBFA36 /* Debug */ = {
			isa = XCBuildConfiguration;
			buildSettings = {
				ALWAYS_EMBED_SWIFT_STANDARD_LIBRARIES = YES;
				BUNDLE_LOADER = "$(TEST_HOST)";
				CODE_SIGN_STYLE = Automatic;
				CURRENT_PROJECT_VERSION = 1;
				DEVELOPMENT_TEAM = CN329Q28W4;
				GENERATE_INFOPLIST_FILE = YES;
				IPHONEOS_DEPLOYMENT_TARGET = 15.2;
				MARKETING_VERSION = 1.0;
				PRODUCT_BUNDLE_IDENTIFIER = Koron.ProjectPlaygroundTests;
				PRODUCT_NAME = "$(TARGET_NAME)";
				SWIFT_EMIT_LOC_STRINGS = NO;
				SWIFT_VERSION = 5.0;
				TARGETED_DEVICE_FAMILY = "1,2";
				TEST_HOST = "$(BUILT_PRODUCTS_DIR)/ProjectPlayground.app/ProjectPlayground";
			};
			name = Debug;
		};
		325F5C44277376DF00EBFA36 /* Release */ = {
			isa = XCBuildConfiguration;
			buildSettings = {
				ALWAYS_EMBED_SWIFT_STANDARD_LIBRARIES = YES;
				BUNDLE_LOADER = "$(TEST_HOST)";
				CODE_SIGN_STYLE = Automatic;
				CURRENT_PROJECT_VERSION = 1;
				DEVELOPMENT_TEAM = CN329Q28W4;
				GENERATE_INFOPLIST_FILE = YES;
				IPHONEOS_DEPLOYMENT_TARGET = 15.2;
				MARKETING_VERSION = 1.0;
				PRODUCT_BUNDLE_IDENTIFIER = Koron.ProjectPlaygroundTests;
				PRODUCT_NAME = "$(TARGET_NAME)";
				SWIFT_EMIT_LOC_STRINGS = NO;
				SWIFT_VERSION = 5.0;
				TARGETED_DEVICE_FAMILY = "1,2";
				TEST_HOST = "$(BUILT_PRODUCTS_DIR)/ProjectPlayground.app/ProjectPlayground";
			};
			name = Release;
		};
		325F5C46277376DF00EBFA36 /* Debug */ = {
			isa = XCBuildConfiguration;
			buildSettings = {
				ALWAYS_EMBED_SWIFT_STANDARD_LIBRARIES = YES;
				CODE_SIGN_STYLE = Automatic;
				CURRENT_PROJECT_VERSION = 1;
				DEVELOPMENT_TEAM = CN329Q28W4;
				GENERATE_INFOPLIST_FILE = YES;
				MARKETING_VERSION = 1.0;
				PRODUCT_BUNDLE_IDENTIFIER = Koron.ProjectPlaygroundUITests;
				PRODUCT_NAME = "$(TARGET_NAME)";
				SWIFT_EMIT_LOC_STRINGS = NO;
				SWIFT_VERSION = 5.0;
				TARGETED_DEVICE_FAMILY = "1,2";
				TEST_TARGET_NAME = ProjectPlayground;
			};
			name = Debug;
		};
		325F5C47277376DF00EBFA36 /* Release */ = {
			isa = XCBuildConfiguration;
			buildSettings = {
				ALWAYS_EMBED_SWIFT_STANDARD_LIBRARIES = YES;
				CODE_SIGN_STYLE = Automatic;
				CURRENT_PROJECT_VERSION = 1;
				DEVELOPMENT_TEAM = CN329Q28W4;
				GENERATE_INFOPLIST_FILE = YES;
				MARKETING_VERSION = 1.0;
				PRODUCT_BUNDLE_IDENTIFIER = Koron.ProjectPlaygroundUITests;
				PRODUCT_NAME = "$(TARGET_NAME)";
				SWIFT_EMIT_LOC_STRINGS = NO;
				SWIFT_VERSION = 5.0;
				TARGETED_DEVICE_FAMILY = "1,2";
				TEST_TARGET_NAME = ProjectPlayground;
			};
			name = Release;
		};
/* End XCBuildConfiguration section */

/* Begin XCConfigurationList section */
		325F5C10277376DC00EBFA36 /* Build configuration list for PBXProject "ProjectPlayground" */ = {
			isa = XCConfigurationList;
			buildConfigurations = (
				325F5C3D277376DF00EBFA36 /* Debug */,
				325F5C3E277376DF00EBFA36 /* Release */,
			);
			defaultConfigurationIsVisible = 0;
			defaultConfigurationName = Release;
		};
		325F5C3F277376DF00EBFA36 /* Build configuration list for PBXNativeTarget "ProjectPlayground" */ = {
			isa = XCConfigurationList;
			buildConfigurations = (
				325F5C40277376DF00EBFA36 /* Debug */,
				325F5C41277376DF00EBFA36 /* Release */,
			);
			defaultConfigurationIsVisible = 0;
			defaultConfigurationName = Release;
		};
		325F5C42277376DF00EBFA36 /* Build configuration list for PBXNativeTarget "ProjectPlaygroundTests" */ = {
			isa = XCConfigurationList;
			buildConfigurations = (
				325F5C43277376DF00EBFA36 /* Debug */,
				325F5C44277376DF00EBFA36 /* Release */,
			);
			defaultConfigurationIsVisible = 0;
			defaultConfigurationName = Release;
		};
		325F5C45277376DF00EBFA36 /* Build configuration list for PBXNativeTarget "ProjectPlaygroundUITests" */ = {
			isa = XCConfigurationList;
			buildConfigurations = (
				325F5C46277376DF00EBFA36 /* Debug */,
				325F5C47277376DF00EBFA36 /* Release */,
			);
			defaultConfigurationIsVisible = 0;
			defaultConfigurationName = Release;
		};
/* End XCConfigurationList section */
	};
	rootObject = 325F5C0D277376DC00EBFA36 /* Project object */;
}
